
Microsoft Visual Studio Solution File, Format Version 12.00
# Visual Studio Version 16
VisualStudioVersion = 16.0.29709.97
MinimumVisualStudioVersion = 10.0.40219.1
Project("{FAE04EC0-301F-11D3-BF4B-00C04F79EFBC}") = "AspDotNetCoreReactRedux", "AspDotNetCoreReactRedux\AspDotNetCoreReactRedux.csproj", "{1F64E55B-6E76-4A31-A5D9-6BEFDD9FB50D}"
EndProject
Project("{FAE04EC0-301F-11D3-BF4B-00C04F79EFBC}") = "DataAccessLibrary", "DataAccessLibrary\DataAccessLibrary.csproj", "{8823A498-2815-44AE-81B9-04FBCF4CDA4D}"
EndProject
Project("{FAE04EC0-301F-11D3-BF4B-00C04F79EFBC}") = "BusinessLibrary", "BusinessLibrary\BusinessLibrary.csproj", "{811BD468-88F1-4CBD-B502-E9BD11D05F5C}"
EndProject
Global
	GlobalSection(SolutionConfigurationPlatforms) = preSolution
		Debug|Any CPU = Debug|Any CPU
		Release|Any CPU = Release|Any CPU
	EndGlobalSection
	GlobalSection(ProjectConfigurationPlatforms) = postSolution
		{1F64E55B-6E76-4A31-A5D9-6BEFDD9FB50D}.Debug|Any CPU.ActiveCfg = Debug|Any CPU
		{1F64E55B-6E76-4A31-A5D9-6BEFDD9FB50D}.Debug|Any CPU.Build.0 = Debug|Any CPU
		{1F64E55B-6E76-4A31-A5D9-6BEFDD9FB50D}.Release|Any CPU.ActiveCfg = Release|Any CPU
		{1F64E55B-6E76-4A31-A5D9-6BEFDD9FB50D}.Release|Any CPU.Build.0 = Release|Any CPU
		{8823A498-2815-44AE-81B9-04FBCF4CDA4D}.Debug|Any CPU.ActiveCfg = Debug|Any CPU
		{8823A498-2815-44AE-81B9-04FBCF4CDA4D}.Debug|Any CPU.Build.0 = Debug|Any CPU
		{8823A498-2815-44AE-81B9-04FBCF4CDA4D}.Release|Any CPU.ActiveCfg = Release|Any CPU
		{8823A498-2815-44AE-81B9-04FBCF4CDA4D}.Release|Any CPU.Build.0 = Release|Any CPU
		{811BD468-88F1-4CBD-B502-E9BD11D05F5C}.Debug|Any CPU.ActiveCfg = Debug|Any CPU
		{811BD468-88F1-4CBD-B502-E9BD11D05F5C}.Debug|Any CPU.Build.0 = Debug|Any CPU
		{811BD468-88F1-4CBD-B502-E9BD11D05F5C}.Release|Any CPU.ActiveCfg = Release|Any CPU
		{811BD468-88F1-4CBD-B502-E9BD11D05F5C}.Release|Any CPU.Build.0 = Release|Any CPU
	EndGlobalSection
	GlobalSection(SolutionProperties) = preSolution
		HideSolutionNode = FALSE
	EndGlobalSection
	GlobalSection(ExtensibilityGlobals) = postSolution
		SolutionGuid = {AA5D4881-881F-479D-84DA-9E551EEC3531}
	EndGlobalSection
EndGlobal
